# This file is automatically @generated by Cargo.
# It is not intended for manual editing.
version = 3

[[package]]
name = "backtrace"
version = "0.3.3"
source = "registry+https://github.com/rust-lang/crates.io-index"
checksum = "99f2ce94e22b8e664d95c57fff45b98a966c2252b60691d0b7aeeccd88d70983"
dependencies = [
 "backtrace-sys",
 "cfg-if",
 "dbghelp-sys",
 "kernel32-sys",
 "libc",
 "rustc-demangle",
 "winapi",
]

[[package]]
name = "backtrace-sys"
version = "0.1.16"
source = "registry+https://github.com/rust-lang/crates.io-index"
checksum = "44585761d6161b0f57afc49482ab6bd067e4edef48c12a152c237eb0203f7661"
dependencies = [
 "cc",
 "libc",
]

[[package]]
name = "byteorder"
version = "1.1.0"
source = "registry+https://github.com/rust-lang/crates.io-index"
checksum = "ff81738b726f5d099632ceaffe7fb65b90212e8dce59d518729e7e8634032d3d"

[[package]]
name = "cc"
version = "1.0.3"
source = "registry+https://github.com/rust-lang/crates.io-index"
checksum = "a9b13a57efd6b30ecd6598ebdb302cca617930b5470647570468a65d12ef9719"

[[package]]
name = "cfg-if"
version = "0.1.2"
source = "registry+https://github.com/rust-lang/crates.io-index"
checksum = "d4c819a1287eb618df47cc647173c5c4c66ba19d888a6e50d605672aed3140de"

[[package]]
name = "dbghelp-sys"
version = "0.2.0"
source = "registry+https://github.com/rust-lang/crates.io-index"
checksum = "97590ba53bcb8ac28279161ca943a924d1fd4a8fb3fa63302591647c4fc5b850"
dependencies = [
 "winapi",
 "winapi-build",
]

[[package]]
name = "error-chain"
version = "0.7.2"
source = "registry+https://github.com/rust-lang/crates.io-index"
checksum = "318cb3c71ee4cdea69fdc9e15c173b245ed6063e1709029e8fd32525a881120f"
dependencies = [
 "backtrace",
]

[[package]]
name = "kernel32-sys"
version = "0.2.2"
source = "registry+https://github.com/rust-lang/crates.io-index"
checksum = "7507624b29483431c0ba2d82aece8ca6cdba9382bff4ddd0f7490560c056098d"
dependencies = [
 "winapi",
 "winapi-build",
]

[[package]]
name = "libc"
version = "0.2.33"
source = "registry+https://github.com/rust-lang/crates.io-index"
checksum = "5ba3df4dcb460b9dfbd070d41c94c19209620c191b0340b929ce748a2bcd42d2"

[[package]]
name = "quote"
version = "0.3.15"
source = "registry+https://github.com/rust-lang/crates.io-index"
checksum = "7a6e920b65c65f10b2ae65c831a81a073a89edd28c7cce89475bff467ab4167a"

[[package]]
name = "refunct-tas"
version = "0.1.0"
dependencies = [
 "byteorder",
 "error-chain",
 "kernel32-sys",
 "serde",
 "serde_derive",
 "toml",
 "winapi",
]

[[package]]
name = "rustc-demangle"
version = "0.1.5"
source = "registry+https://github.com/rust-lang/crates.io-index"
checksum = "aee45432acc62f7b9a108cc054142dac51f979e69e71ddce7d6fc7adf29e817e"

[[package]]
name = "serde"
version = "1.0.19"
source = "registry+https://github.com/rust-lang/crates.io-index"
checksum = "0c9cab69e16835717c9b8bd13c29f92b6aa34fe32ce2866b1ab481cf2da8442a"

[[package]]
name = "serde_derive"
version = "1.0.19"
source = "registry+https://github.com/rust-lang/crates.io-index"
checksum = "3bdafe3e71710131a919735916caa5b18c2754ad0d33d8ae5d586ccc804a403e"
dependencies = [
 "quote",
 "serde_derive_internals",
 "syn",
]

[[package]]
name = "serde_derive_internals"
version = "0.17.0"
source = "registry+https://github.com/rust-lang/crates.io-index"
checksum = "32f1926285523b2db55df263d2aa4eb69ddcfa7a7eade6430323637866b513ab"
dependencies = [
 "syn",
 "synom",
]

[[package]]
name = "syn"
version = "0.11.11"
source = "registry+https://github.com/rust-lang/crates.io-index"
checksum = "d3b891b9015c88c576343b9b3e41c2c11a51c219ef067b264bd9c8aa9b441dad"
dependencies = [
 "quote",
 "synom",
 "unicode-xid",
]

[[package]]
name = "synom"
version = "0.11.3"
source = "registry+https://github.com/rust-lang/crates.io-index"
checksum = "a393066ed9010ebaed60b9eafa373d4b1baac186dd7e008555b0f702b51945b6"
dependencies = [
 "unicode-xid",
]

[[package]]
name = "toml"
version = "0.4.5"
source = "registry+https://github.com/rust-lang/crates.io-index"
checksum = "a7540f4ffc193e0d3c94121edb19b055670d369f77d5804db11ae053a45b6e7e"
dependencies = [
 "serde",
]

[[package]]
name = "unicode-xid"
version = "0.0.4"
source = "registry+https://github.com/rust-lang/crates.io-index"
checksum = "8c1f860d7d29cf02cb2f3f359fd35991af3d30bac52c57d265a3c461074cb4dc"

[[package]]
name = "winapi"
version = "0.2.8"
source = "registry+https://github.com/rust-lang/crates.io-index"
checksum = "167dc9d6949a9b857f3451275e911c3f44255842c1f7a76f33c55103a909087a"

[[package]]
name = "winapi-build"
version = "0.1.1"
source = "registry+https://github.com/rust-lang/crates.io-index"
checksum = "2d315eee3b34aca4797b2da6b13ed88266e6d612562a0c46390af8299fc699bc"
